
Microsoft Visual Studio Solution File, Format Version 12.00
# Visual Studio Version 17
VisualStudioVersion = 17.2.32630.192
MinimumVisualStudioVersion = 10.0.40219.1
Project("{FAE04EC0-301F-11D3-BF4B-00C04F79EFBC}") = "Noviembre.web", "Noviembre.web\Noviembre.web.csproj", "{47E8976A-7975-4FF4-960A-583C7881E120}"
EndProject
Global
	GlobalSection(SolutionConfigurationPlatforms) = preSolution
		Debug|Any CPU = Debug|Any CPU
		Release|Any CPU = Release|Any CPU
	EndGlobalSection
	GlobalSection(ProjectConfigurationPlatforms) = postSolution
		{47E8976A-7975-4FF4-960A-583C7881E120}.Debug|Any CPU.ActiveCfg = Debug|Any CPU
		{47E8976A-7975-4FF4-960A-583C7881E120}.Debug|Any CPU.Build.0 = Debug|Any CPU
		{47E8976A-7975-4FF4-960A-583C7881E120}.Release|Any CPU.ActiveCfg = Release|Any CPU
		{47E8976A-7975-4FF4-960A-583C7881E120}.Release|Any CPU.Build.0 = Release|Any CPU
	EndGlobalSection
	GlobalSection(SolutionProperties) = preSolution
		HideSolutionNode = FALSE
	EndGlobalSection
	GlobalSection(ExtensibilityGlobals) = postSolution
		SolutionGuid = {CCB3108C-4009-4278-8EC8-7DA5DCBE9E7C}
	EndGlobalSection
EndGlobal
